{
  "lockfile_version": "1",
  "packages": {
    "actionlint@latest": {
      "last_modified": "2026-04-23T13:07:47Z",
      "resolved": "github:NixOS/nixpkgs/01fbdeef22b76df85ea168fbfe1bfd9e63681b30#actionlint",
      "source": "devbox-search",
      "version": "1.7.12",
      "systems": {
        "aarch64-darwin": {
          "outputs": [
            {
              "name": "out",
              "path": "/nix/store/h5slyyr5k0sa5v6a7x215x12f32782fm-actionlint-1.7.12",
              "default": true
            }
          ],
          "store_path": "/nix/store/h5slyyr5k0sa5v6a7x215x12f32782fm-actionlint-1.7.12"
        },
        "aarch64-linux": {
          "outputs": [
            {
              "name": "out",
              "path": "/nix/store/vvz3g4c02v2cabhsbvfrik7ngvjqcpjv-actionlint-1.7.12",
              "default": true
            }
          ],
          "store_path": "/nix/store/vvz3g4c02v2cabhsbvfrik7ngvjqcpjv-actionlint-1.7.12"
        },
        "x86_64-darwin": {
          "outputs": [
            {
              "name": "out",
              "path": "/nix/store/08i6m8q42302rywd3qinp0msbimiihkp-actionlint-1.7.12",
              "default": true
            }
          ],
          "store_path": "/nix/store/08i6m8q42302rywd3qinp0msbimiihkp-actionlint-1.7.12"
        },
        "x86_64-linux": {
          "outputs": [
            {
              "name": "out",
              "path": "/nix/store/1bhmqv0cjclfl6xxz717i6h9b5j2qbpg-actionlint-1.7.12",
              "default": true
            }
          ],
          "store_path": "/nix/store/1bhmqv0cjclfl6xxz717i6h9b5j2qbpg-actionlint-1.7.12"
        }
      }
    },
    "gettext@latest": {
      "last_modified": "2026-04-23T13:07:47Z",
      "resolved": "github:NixOS/nixpkgs/01fbdeef22b76df85ea168fbfe1bfd9e63681b30#gettext",
      "source": "devbox-search",
      "version": "1.0",
      "systems": {
        "aarch64-darwin": {
          "outputs": [
            {
              "name": "out",
              "path": "/nix/store/y232hw0pamh3zsmjf8ilfyq2ichnzv6q-gettext-1.0",
              "default": true
            },
            {
              "name": "man",
              "path": "/nix/store/isml6sxszzs1bjnbkfvz7rxs5cd89bd8-gettext-1.0-man",
              "default": true
            },
            {
              "name": "doc",
              "path": "/nix/store/n7b7qrd7w01pz5ij4xmn2wl7sn9assm5-gettext-1.0-doc"
            },
            {
              "name": "info",
              "path": "/nix/store/f4mjn6lirf4dilwvi0l5q5yc00ph9ac1-gettext-1.0-info"
            }
          ],
          "store_path": "/nix/store/y232hw0pamh3zsmjf8ilfyq2ichnzv6q-gettext-1.0"
        },
        "aarch64-linux": {
          "outputs": [
            {
              "name": "out",
              "path": "/nix/store/fqr95fg4510ppr9dh4kw5x34bd5pk0b1-gettext-1.0",
              "default": true
            },
            {
              "name": "man",
              "path": "/nix/store/0dsnwbiljzj235s38x337lqrlmgz1amn-gettext-1.0-man",
              "default": true
            },
            {
              "name": "doc",
              "path": "/nix/store/x2p54c316yfcypqfwzprp9g0kjmyid7v-gettext-1.0-doc"
            },
            {
              "name": "info",
              "path": "/nix/store/1wlkkscavw4snfnjn2gmy47ni06ym9j5-gettext-1.0-info"
            }
          ],
          "store_path": "/nix/store/fqr95fg4510ppr9dh4kw5x34bd5pk0b1-gettext-1.0"
        },
        "x86_64-darwin": {
          "outputs": [
            {
              "name": "out",
              "path": "/nix/store/rjf0gca3y6yns8jq9pl3x4g7fwhia8j3-gettext-1.0",
              "default": true
            },
            {
              "name": "man",
              "path": "/nix/store/jn5g5i3dbqsyzl6rsfabinw7di0z5viv-gettext-1.0-man",
              "default": true
            },
            {
              "name": "doc",
              "path": "/nix/store/a3a8bh7mpxanycqyh620l2spm1l0rb22-gettext-1.0-doc"
            },
            {
              "name": "info",
              "path": "/nix/store/4i3fapf6ss685lijv102rcn879qkg9p6-gettext-1.0-info"
            }
          ],
          "store_path": "/nix/store/rjf0gca3y6yns8jq9pl3x4g7fwhia8j3-gettext-1.0"
        },
        "x86_64-linux": {
          "outputs": [
            {
              "name": "out",
              "path": "/nix/store/ypj27q94ay0ybq9aa14gk0cxjv9d7z4m-gettext-1.0",
              "default": true
            },
            {
              "name": "man",
              "path": "/nix/store/0rwvap3j8i20yb7mvdqx847vvl07dhvg-gettext-1.0-man",
              "default": true
            },
            {
              "name": "info",
              "path": "/nix/store/2pvi6x8qxdq4951n4h4jxhw8sb5f7i3c-gettext-1.0-info"
            },
            {
              "name": "doc",
              "path": "/nix/store/78n5wgc7fdkvx9jl1dl00dmp0zgj1r4m-gettext-1.0-doc"
            }
          ],
          "store_path": "/nix/store/ypj27q94ay0ybq9aa14gk0cxjv9d7z4m-gettext-1.0"
        }
      }
    },
    "git@latest": {
      "last_modified": "2026-04-23T13:07:47Z",
      "resolved": "github:NixOS/nixpkgs/01fbdeef22b76df85ea168fbfe1bfd9e63681b30#git",
      "source": "devbox-search",
      "version": "2.53.0",
      "systems": {
        "aarch64-darwin": {
          "outputs": [
            {
              "name": "out",
              "path": "/nix/store/5y6cp247hspkqa7pp6cbc4540ygx0249-git-2.53.0",
              "default": true
            },
            {
              "name": "doc",
              "path": "/nix/store/0kjpgj1grgba239ykdnv1cjc61xqk3aa-git-2.53.0-doc"
            }
          ],
          "store_path": "/nix/store/5y6cp247hspkqa7pp6cbc4540ygx0249-git-2.53.0"
        },
        "aarch64-linux": {
          "outputs": [
            {
              "name": "out",
              "path": "/nix/store/gx9r7g2kyrjhh0zhgxz91f5nbczxh1ac-git-2.53.0",
              "default": true
            },
            {
              "name": "doc",
              "path": "/nix/store/q8j5mwix1g75xyq025d3hmringklm52z-git-2.53.0-doc"
            },
            {
              "name": "debug",
              "path": "/nix/store/rc56a3l2wby94gk9gvirpwi9hv9v15gi-git-2.53.0-debug"
            }
          ],
          "store_path": "/nix/store/gx9r7g2kyrjhh0zhgxz91f5nbczxh1ac-git-2.53.0"
        },
        "x86_64-darwin": {
          "outputs": [
            {
              "name": "out",
              "path": "/nix/store/zar16r8w28c6qjdh3xqnkjcmvjjqwi77-git-2.53.0",
              "default": true
            },
            {
              "name": "doc",
              "path": "/nix/store/9jcm7zadfi5wsic3kizs4x71a8dqlj83-git-2.53.0-doc"
            }
          ],
          "store_path": "/nix/store/zar16r8w28c6qjdh3xqnkjcmvjjqwi77-git-2.53.0"
        },
        "x86_64-linux": {
          "outputs": [
            {
              "name": "out",
              "path": "/nix/store/c0277k5giric1mn9dklllavbzvxl6hzb-git-2.53.0",
              "default": true
            },
            {
              "name": "debug",
              "path": "/nix/store/qyqya20z59d164d6692hlyb9pkq10ykk-git-2.53.0-debug"
            },
            {
              "name": "doc",
              "path": "/nix/store/vv1ap6qaxdzpa4jqg71myxh5wcvnlqv8-git-2.53.0-doc"
            }
          ],
          "store_path": "/nix/store/c0277k5giric1mn9dklllavbzvxl6hzb-git-2.53.0"
        }
      }
    },
    "github:NixOS/nixpkgs/nixpkgs-unstable": {
      "last_modified": "2026-04-11T06:17:25Z",
      "resolved": "github:NixOS/nixpkgs/13043924aaa7375ce482ebe2494338e058282925?lastModified=1775888245"
    },
    "go@latest": {
      "last_modified": "2026-04-23T13:07:47Z",
      "resolved": "github:NixOS/nixpkgs/01fbdeef22b76df85ea168fbfe1bfd9e63681b30#go",
      "source": "devbox-search",
      "version": "1.26.2",
      "systems": {
        "aarch64-darwin": {
          "outputs": [
            {
              "name": "out",
              "path": "/nix/store/fkzywh7rg8lg1n2p0r161iqjwhz540wx-go-1.26.2",
              "default": true
            }
          ],
          "store_path": "/nix/store/fkzywh7rg8lg1n2p0r161iqjwhz540wx-go-1.26.2"
        },
        "aarch64-linux": {
          "outputs": [
            {
              "name": "out",
              "path": "/nix/store/w4i7p78y3735jcy69sk4lcy9zyxr0cav-go-1.26.2",
              "default": true
            }
          ],
          "store_path": "/nix/store/w4i7p78y3735jcy69sk4lcy9zyxr0cav-go-1.26.2"
        },
        "x86_64-darwin": {
          "outputs": [
            {
              "name": "out",
              "path": "/nix/store/g0b45l45nlb1kqiywzja7fh49yn7lla5-go-1.26.2",
              "default": true
            }
          ],
          "store_path": "/nix/store/g0b45l45nlb1kqiywzja7fh49yn7lla5-go-1.26.2"
        },
        "x86_64-linux": {
          "outputs": [
            {
              "name": "out",
              "path": "/nix/store/dimnagks1qsp7180yw74z0npp7z2ihs3-go-1.26.2",
              "default": true
            }
          ],
          "store_path": "/nix/store/dimnagks1qsp7180yw74z0npp7z2ihs3-go-1.26.2"
        }
      }
    },
    "golangci-lint@latest": {
      "last_modified": "2026-04-23T13:07:47Z",
      "resolved": "github:NixOS/nixpkgs/01fbdeef22b76df85ea168fbfe1bfd9e63681b30#golangci-lint",
      "source": "devbox-search",
      "version": "2.11.4",
      "systems": {
        "aarch64-darwin": {
          "outputs": [
            {
              "name": "out",
              "path": "/nix/store/iifi3gd1nsyqnniaagadm78ddsf360ys-golangci-lint-2.11.4",
              "default": true
            }
          ],
          "store_path": "/nix/store/iifi3gd1nsyqnniaagadm78ddsf360ys-golangci-lint-2.11.4"
        },
        "aarch64-linux": {
          "outputs": [
            {
              "name": "out",
              "path": "/nix/store/lnn623f95lg94bkvpk39z32q8xwbrxym-golangci-lint-2.11.4",
              "default": true
            }
          ],
          "store_path": "/nix/store/lnn623f95lg94bkvpk39z32q8xwbrxym-golangci-lint-2.11.4"
        },
        "x86_64-darwin": {
          "outputs": [
            {
              "name": "out",
              "path": "/nix/store/gzdiczgwmf9bgmzkj86jniw0kiq62rn8-golangci-lint-2.11.4",
              "default": true
            }
          ],
          "store_path": "/nix/store/gzdiczgwmf9bgmzkj86jniw0kiq62rn8-golangci-lint-2.11.4"
        },
        "x86_64-linux": {
          "outputs": [
            {
              "name": "out",
              "path": "/nix/store/r49b6973mb9kyn1q102yhcmzcbgmpvh0-golangci-lint-2.11.4",
              "default": true
            }
          ],
          "store_path": "/nix/store/r49b6973mb9kyn1q102yhcmzcbgmpvh0-golangci-lint-2.11.4"
        }
      }
    },
    "jq@latest": {
      "last_modified": "2026-04-29T01:19:07Z",
      "resolved": "github:NixOS/nixpkgs/ebc08544afa77957cc348ba72dc490ec73b87f68#jq",
      "source": "devbox-search",
      "version": "1.8.1",
      "systems": {
        "aarch64-darwin": {
          "outputs": [
            {
              "name": "bin",
              "path": "/nix/store/zpaiv3csv85i5qdhwlivlbg8a5clnqmh-jq-1.8.1-bin",
              "default": true
            },
            {
              "name": "man",
              "path": "/nix/store/vs9rx9xgqachcay4mn95m1gwifzxrhm4-jq-1.8.1-man",
              "default": true
            },
            {
              "name": "dev",
              "path": "/nix/store/h46rnp90pvk5ky12r9drbzhl1fqlmjnf-jq-1.8.1-dev"
            },
            {
              "name": "doc",
              "path": "/nix/store/iksz05vk9j78ls9agfg9blhax9azgv69-jq-1.8.1-doc"
            },
            {
              "name": "out",
              "path": "/nix/store/inmyqx7646xrcqrwxipacv5gkf3ca6m3-jq-1.8.1"
            }
          ],
          "store_path": "/nix/store/zpaiv3csv85i5qdhwlivlbg8a5clnqmh-jq-1.8.1-bin"
        },
        "aarch64-linux": {
          "outputs": [
            {
              "name": "bin",
              "path": "/nix/store/blgzs73jx017qji4n78v4wg1qxcg3cav-jq-1.8.1-bin",
              "default": true
            },
            {
              "name": "man",
              "path": "/nix/store/s8h2klkc7rw485yqj3s73ancc5915v2m-jq-1.8.1-man",
              "default": true
            },
            {
              "name": "doc",
              "path": "/nix/store/r992wf8cylhf9ayxwf64lawdfxcr4cl8-jq-1.8.1-doc"
            },
            {
              "name": "out",
              "path": "/nix/store/2v9443fs97gdg5mz9lk3q603hryhqijm-jq-1.8.1"
            },
            {
              "name": "dev",
              "path": "/nix/store/lx675fc624glij1dh9iw89pavkvfkv73-jq-1.8.1-dev"
            }
          ],
          "store_path": "/nix/store/blgzs73jx017qji4n78v4wg1qxcg3cav-jq-1.8.1-bin"
        },
        "x86_64-darwin": {
          "outputs": [
            {
              "name": "bin",
              "path": "/nix/store/cpq0n6nrgs7jwyr121qshzk2fvjkmjbh-jq-1.8.1-bin",
              "default": true
            },
            {
              "name": "man",
              "path": "/nix/store/flsm1xvpbr9681y4y8101v5c5m3qmcim-jq-1.8.1-man",
              "default": true
            },
            {
              "name": "dev",
              "path": "/nix/store/0p7h41icsq99c08sym6iw4wzdsl35r13-jq-1.8.1-dev"
            },
            {
              "name": "doc",
              "path": "/nix/store/h6wn2lzbxq1v2dypaj4kpv4nnkkm9yld-jq-1.8.1-doc"
            },
            {
              "name": "out",
              "path": "/nix/store/spn7m9y4302yvw9zafpy1g2sz3z9xnx1-jq-1.8.1"
            }
          ],
          "store_path": "/nix/store/cpq0n6nrgs7jwyr121qshzk2fvjkmjbh-jq-1.8.1-bin"
        },
        "x86_64-linux": {
          "outputs": [
            {
              "name": "bin",
              "path": "/nix/store/v5c3inhfq6xshmwg1c254vfbcy4jp3k9-jq-1.8.1-bin",
              "default": true
            },
            {
              "name": "man",
              "path": "/nix/store/lsyqny7h1riwhzajwy2vjjdd63viiwvm-jq-1.8.1-man",
              "default": true
            },
            {
              "name": "dev",
              "path": "/nix/store/p8x5zv9s9qg3ld8b7jdm03hkpdqybjl9-jq-1.8.1-dev"
            },
            {
              "name": "doc",
              "path": "/nix/store/g2wlgi44rn837jdirpwi3lk5f2iy13zg-jq-1.8.1-doc"
            },
            {
              "name": "out",
              "path": "/nix/store/09bq2i0kb008ccg3qdbyxv81ggxxnn09-jq-1.8.1"
            }
          ],
          "store_path": "/nix/store/v5c3inhfq6xshmwg1c254vfbcy4jp3k9-jq-1.8.1-bin"
        }
      }
    },
    "just@latest": {
      "last_modified": "2026-04-23T13:07:47Z",
      "resolved": "github:NixOS/nixpkgs/01fbdeef22b76df85ea168fbfe1bfd9e63681b30#just",
      "source": "devbox-search",
      "version": "1.50.0",
      "systems": {
        "aarch64-darwin": {
          "outputs": [
            {
              "name": "out",
              "path": "/nix/store/qxqsxk2614qpcb7l32svpjmmb1sm7ya1-just-1.50.0",
              "default": true
            },
            {
              "name": "man",
              "path": "/nix/store/daf30m3si50cl7xga42g0cqgdwaxj6ys-just-1.50.0-man",
              "default": true
            },
            {
              "name": "doc",
              "path": "/nix/store/9n71gassrpdy0nz4gfcrwvmkb4rwyd3g-just-1.50.0-doc"
            }
          ],
          "store_path": "/nix/store/qxqsxk2614qpcb7l32svpjmmb1sm7ya1-just-1.50.0"
        },
        "aarch64-linux": {
          "outputs": [
            {
              "name": "out",
              "path": "/nix/store/ayqw7hgkjs9b0f7v1qh96k316i9jpdw8-just-1.50.0",
              "default": true
            },
            {
              "name": "man",
              "path": "/nix/store/59z0bx178i7c3vwmhawgajgpfmv43h5c-just-1.50.0-man",
              "default": true
            },
            {
              "name": "doc",
              "path": "/nix/store/gg298zgvg5vmvzk0lmn9zq7j6kkab3qs-just-1.50.0-doc"
            }
          ],
          "store_path": "/nix/store/ayqw7hgkjs9b0f7v1qh96k316i9jpdw8-just-1.50.0"
        },
        "x86_64-darwin": {
          "outputs": [
            {
              "name": "out",
              "path": "/nix/store/bmsgb4l7ldxj2zggcalfidzhkrgp03xq-just-1.50.0",
              "default": true
            },
            {
              "name": "man",
              "path": "/nix/store/0pvkn1lzh85sav0cj3v36kpigxwypdhb-just-1.50.0-man",
              "default": true
            },
            {
              "name": "doc",
              "path": "/nix/store/9d2i12jkmsyqw7bkcw3a9d0xki313xrp-just-1.50.0-doc"
            }
          ],
          "store_path": "/nix/store/bmsgb4l7ldxj2zggcalfidzhkrgp03xq-just-1.50.0"
        },
        "x86_64-linux": {
          "outputs": [
            {
              "name": "out",
              "path": "/nix/store/vr4agmy8jw7f8kqynpizagdaqxy0ayw4-just-1.50.0",
              "default": true
            },
            {
              "name": "man",
              "path": "/nix/store/6mrjsdff8skgnnn0ngyim2i7wabk0c8x-just-1.50.0-man",
              "default": true
            },
            {
              "name": "doc",
              "path": "/nix/store/nk0p7b0n1fqg0sa2vasgavrhgi7xy9rz-just-1.50.0-doc"
            }
          ],
          "store_path": "/nix/store/vr4agmy8jw7f8kqynpizagdaqxy0ayw4-just-1.50.0"
        }
      }
    },
    "kind@latest": {
      "last_modified": "2026-04-23T13:07:47Z",
      "resolved": "github:NixOS/nixpkgs/01fbdeef22b76df85ea168fbfe1bfd9e63681b30#kind",
      "source": "devbox-search",
      "version": "0.31.0",
      "systems": {
        "aarch64-darwin": {
          "outputs": [
            {
              "name": "out",
              "path": "/nix/store/fywhk0y82zwlrfafmimyms7660q9bqrm-kind-0.31.0",
              "default": true
            }
          ],
          "store_path": "/nix/store/fywhk0y82zwlrfafmimyms7660q9bqrm-kind-0.31.0"
        },
        "aarch64-linux": {
          "outputs": [
            {
              "name": "out",
              "path": "/nix/store/j4bx0jvpkxm48h5c0dnzkzsg9m8aghza-kind-0.31.0",
              "default": true
            }
          ],
          "store_path": "/nix/store/j4bx0jvpkxm48h5c0dnzkzsg9m8aghza-kind-0.31.0"
        },
        "x86_64-darwin": {
          "outputs": [
            {
              "name": "out",
              "path": "/nix/store/cz5xwcp1lv0ziazwl4ndmsq2wpmfx2vc-kind-0.31.0",
              "default": true
            }
          ],
          "store_path": "/nix/store/cz5xwcp1lv0ziazwl4ndmsq2wpmfx2vc-kind-0.31.0"
        },
        "x86_64-linux": {
          "outputs": [
            {
              "name": "out",
              "path": "/nix/store/v0imzwg6qdg2pwl1xmwxmz2vkz1i4xag-kind-0.31.0",
              "default": true
            }
          ],
          "store_path": "/nix/store/v0imzwg6qdg2pwl1xmwxmz2vkz1i4xag-kind-0.31.0"
        }
      }
    },
    "pre-commit@latest": {
      "last_modified": "2026-04-23T13:07:47Z",
      "resolved": "github:NixOS/nixpkgs/01fbdeef22b76df85ea168fbfe1bfd9e63681b30#pre-commit",
      "source": "devbox-search",
      "version": "4.5.1",
      "systems": {
        "aarch64-darwin": {
          "outputs": [
            {
              "name": "out",
              "path": "/nix/store/l3ax81g9vp3p25js3g3172mzls4jps5s-pre-commit-4.5.1",
              "default": true
            },
            {
              "name": "dist",
              "path": "/nix/store/7pdawwcg9rzbq2jx9arjqjzfc2d2pazi-pre-commit-4.5.1-dist"
            }
          ],
          "store_path": "/nix/store/l3ax81g9vp3p25js3g3172mzls4jps5s-pre-commit-4.5.1"
        },
        "aarch64-linux": {
          "outputs": [
            {
              "name": "out",
              "path": "/nix/store/c6ldspwziqspm73x0bjvk7bki187qr14-pre-commit-4.5.1",
              "default": true
            },
            {
              "name": "dist",
              "path": "/nix/store/xjd6m024kf57vzdgnjc509amwl6jxign-pre-commit-4.5.1-dist"
            }
          ],
          "store_path": "/nix/store/c6ldspwziqspm73x0bjvk7bki187qr14-pre-commit-4.5.1"
        },
        "x86_64-darwin": {
          "outputs": [
            {
              "name": "out",
              "path": "/nix/store/0lngxg5mlvwyavm6h44s1w7f22g5svl1-pre-commit-4.5.1",
              "default": true
            },
            {
              "name": "dist",
              "path": "/nix/store/nd0xxl9z0vl76qdrw0n2mdb3f43zqfwn-pre-commit-4.5.1-dist"
            }
          ],
          "store_path": "/nix/store/0lngxg5mlvwyavm6h44s1w7f22g5svl1-pre-commit-4.5.1"
        },
        "x86_64-linux": {
          "outputs": [
            {
              "name": "out",
              "path": "/nix/store/s5q5ayvqxv908x166b03sfrfd114ls20-pre-commit-4.5.1",
              "default": true
            },
            {
              "name": "dist",
              "path": "/nix/store/flm3yk5mzhrnl6rbc0smja2sfca7g3zn-pre-commit-4.5.1-dist"
            }
          ],
          "store_path": "/nix/store/s5q5ayvqxv908x166b03sfrfd114ls20-pre-commit-4.5.1"
        }
      }
    },
    "shfmt@latest": {
      "last_modified": "2026-04-23T13:07:47Z",
      "resolved": "github:NixOS/nixpkgs/01fbdeef22b76df85ea168fbfe1bfd9e63681b30#shfmt",
      "source": "devbox-search",
      "version": "3.13.1",
      "systems": {
        "aarch64-darwin": {
          "outputs": [
            {
              "name": "out",
              "path": "/nix/store/rdbbba4qzg6c3j90lw4cqdmqp8vl6581-shfmt-3.13.1",
              "default": true
            }
          ],
          "store_path": "/nix/store/rdbbba4qzg6c3j90lw4cqdmqp8vl6581-shfmt-3.13.1"
        },
        "aarch64-linux": {
          "outputs": [
            {
              "name": "out",
              "path": "/nix/store/2phx8z3b9hnnkwx3iddacrxckfy477fb-shfmt-3.13.1",
              "default": true
            }
          ],
          "store_path": "/nix/store/2phx8z3b9hnnkwx3iddacrxckfy477fb-shfmt-3.13.1"
        },
        "x86_64-darwin": {
          "outputs": [
            {
              "name": "out",
              "path": "/nix/store/dizj8zpfi6v3li5bbyb9cp16ysimyf4w-shfmt-3.13.1",
              "default": true
            }
          ],
          "store_path": "/nix/store/dizj8zpfi6v3li5bbyb9cp16ysimyf4w-shfmt-3.13.1"
        },
        "x86_64-linux": {
          "outputs": [
            {
              "name": "out",
              "path": "/nix/store/jnpmz5f3mljz8m10flmchw2l1syk9v93-shfmt-3.13.1",
              "default": true
            }
          ],
          "store_path": "/nix/store/jnpmz5f3mljz8m10flmchw2l1syk9v93-shfmt-3.13.1"
        }
      }
    }
  }
}
